
Microsoft Visual Studio Solution File, Format Version 12.00
# Visual Studio Version 17
VisualStudioVersion = 17.1.32228.430
MinimumVisualStudioVersion = 10.0.40219.1
Project("{8BC9CEB8-8B4A-11D0-8D11-00A0C91BC942}") = "no2", "no2\no2.vcxproj", "{9F9149C9-658F-4F1D-8690-CE7437690F6D}"
EndProject
Global
	GlobalSection(SolutionConfigurationPlatforms) = preSolution
		Debug|x64 = Debug|x64
		Debug|x86 = Debug|x86
		Release|x64 = Release|x64
		Release|x86 = Release|x86
	EndGlobalSection
	GlobalSection(ProjectConfigurationPlatforms) = postSolution
		{9F9149C9-658F-4F1D-8690-CE7437690F6D}.Debug|x64.ActiveCfg = Debug|x64
		{9F9149C9-658F-4F1D-8690-CE7437690F6D}.Debug|x64.Build.0 = Debug|x64
		{9F9149C9-658F-4F1D-8690-CE7437690F6D}.Debug|x86.ActiveCfg = Debug|Win32
		{9F9149C9-658F-4F1D-8690-CE7437690F6D}.Debug|x86.Build.0 = Debug|Win32
		{9F9149C9-658F-4F1D-8690-CE7437690F6D}.Release|x64.ActiveCfg = Release|x64
		{9F9149C9-658F-4F1D-8690-CE7437690F6D}.Release|x64.Build.0 = Release|x64
		{9F9149C9-658F-4F1D-8690-CE7437690F6D}.Release|x86.ActiveCfg = Release|Win32
		{9F9149C9-658F-4F1D-8690-CE7437690F6D}.Release|x86.Build.0 = Release|Win32
	EndGlobalSection
	GlobalSection(SolutionProperties) = preSolution
		HideSolutionNode = FALSE
	EndGlobalSection
	GlobalSection(ExtensibilityGlobals) = postSolution
		SolutionGuid = {41B60D33-B1F1-47BD-8433-BB779E0DC949}
	EndGlobalSection
EndGlobal
