
Microsoft Visual Studio Solution File, Format Version 12.00
# Visual Studio Version 17
VisualStudioVersion = 17.1.32228.430
MinimumVisualStudioVersion = 10.0.40219.1
Project("{8BC9CEB8-8B4A-11D0-8D11-00A0C91BC942}") = "array", "array\array.vcxproj", "{76B7C9F7-3F2F-46C4-B189-8B68B87EF487}"
EndProject
Global
	GlobalSection(SolutionConfigurationPlatforms) = preSolution
		Debug|x64 = Debug|x64
		Debug|x86 = Debug|x86
		Release|x64 = Release|x64
		Release|x86 = Release|x86
	EndGlobalSection
	GlobalSection(ProjectConfigurationPlatforms) = postSolution
		{76B7C9F7-3F2F-46C4-B189-8B68B87EF487}.Debug|x64.ActiveCfg = Debug|x64
		{76B7C9F7-3F2F-46C4-B189-8B68B87EF487}.Debug|x64.Build.0 = Debug|x64
		{76B7C9F7-3F2F-46C4-B189-8B68B87EF487}.Debug|x86.ActiveCfg = Debug|Win32
		{76B7C9F7-3F2F-46C4-B189-8B68B87EF487}.Debug|x86.Build.0 = Debug|Win32
		{76B7C9F7-3F2F-46C4-B189-8B68B87EF487}.Release|x64.ActiveCfg = Release|x64
		{76B7C9F7-3F2F-46C4-B189-8B68B87EF487}.Release|x64.Build.0 = Release|x64
		{76B7C9F7-3F2F-46C4-B189-8B68B87EF487}.Release|x86.ActiveCfg = Release|Win32
		{76B7C9F7-3F2F-46C4-B189-8B68B87EF487}.Release|x86.Build.0 = Release|Win32
	EndGlobalSection
	GlobalSection(SolutionProperties) = preSolution
		HideSolutionNode = FALSE
	EndGlobalSection
	GlobalSection(ExtensibilityGlobals) = postSolution
		SolutionGuid = {8167D309-77C7-4B9B-8651-E6BF339794E6}
	EndGlobalSection
EndGlobal
